
Microsoft Visual Studio Solution File, Format Version 12.00
# Visual Studio Version 16
VisualStudioVersion = 16.0.31019.35
MinimumVisualStudioVersion = 10.0.40219.1
Project("{8BC9CEB8-8B4A-11D0-8D11-00A0C91BC942}") = "Lab16", "Lab16\Lab16.vcxproj", "{1C03638E-D914-4CB2-83E6-57C9CE9A8E6A}"
EndProject
Project("{8BC9CEB8-8B4A-11D0-8D11-00A0C91BC942}") = "Lab16.2", "Lab16.2\Lab16.2.vcxproj", "{D11D3B1E-491C-4346-B8CA-F6998D8376A4}"
EndProject
Global
	GlobalSection(SolutionConfigurationPlatforms) = preSolution
		Debug|x64 = Debug|x64
		Debug|x86 = Debug|x86
		Release|x64 = Release|x64
		Release|x86 = Release|x86
	EndGlobalSection
	GlobalSection(ProjectConfigurationPlatforms) = postSolution
		{1C03638E-D914-4CB2-83E6-57C9CE9A8E6A}.Debug|x64.ActiveCfg = Debug|x64
		{1C03638E-D914-4CB2-83E6-57C9CE9A8E6A}.Debug|x64.Build.0 = Debug|x64
		{1C03638E-D914-4CB2-83E6-57C9CE9A8E6A}.Debug|x86.ActiveCfg = Debug|Win32
		{1C03638E-D914-4CB2-83E6-57C9CE9A8E6A}.Debug|x86.Build.0 = Debug|Win32
		{1C03638E-D914-4CB2-83E6-57C9CE9A8E6A}.Release|x64.ActiveCfg = Release|x64
		{1C03638E-D914-4CB2-83E6-57C9CE9A8E6A}.Release|x64.Build.0 = Release|x64
		{1C03638E-D914-4CB2-83E6-57C9CE9A8E6A}.Release|x86.ActiveCfg = Release|Win32
		{1C03638E-D914-4CB2-83E6-57C9CE9A8E6A}.Release|x86.Build.0 = Release|Win32
		{D11D3B1E-491C-4346-B8CA-F6998D8376A4}.Debug|x64.ActiveCfg = Debug|x64
		{D11D3B1E-491C-4346-B8CA-F6998D8376A4}.Debug|x64.Build.0 = Debug|x64
		{D11D3B1E-491C-4346-B8CA-F6998D8376A4}.Debug|x86.ActiveCfg = Debug|Win32
		{D11D3B1E-491C-4346-B8CA-F6998D8376A4}.Debug|x86.Build.0 = Debug|Win32
		{D11D3B1E-491C-4346-B8CA-F6998D8376A4}.Release|x64.ActiveCfg = Release|x64
		{D11D3B1E-491C-4346-B8CA-F6998D8376A4}.Release|x64.Build.0 = Release|x64
		{D11D3B1E-491C-4346-B8CA-F6998D8376A4}.Release|x86.ActiveCfg = Release|Win32
		{D11D3B1E-491C-4346-B8CA-F6998D8376A4}.Release|x86.Build.0 = Release|Win32
	EndGlobalSection
	GlobalSection(SolutionProperties) = preSolution
		HideSolutionNode = FALSE
	EndGlobalSection
	GlobalSection(ExtensibilityGlobals) = postSolution
		SolutionGuid = {66340173-A32A-4E61-8EE2-7477C10A7F72}
	EndGlobalSection
EndGlobal
